
Microsoft Visual Studio Solution File, Format Version 12.00
# Visual Studio Version 16
VisualStudioVersion = 16.0.31702.278
MinimumVisualStudioVersion = 10.0.40219.1
Project("{FAE04EC0-301F-11D3-BF4B-00C04F79EFBC}") = "CoreReactor", "CoreReactor\CoreReactor.csproj", "{DE4DAB55-4106-4A35-BF3E-71E5F812B72E}"
EndProject
Global
	GlobalSection(SolutionConfigurationPlatforms) = preSolution
		Debug|Any CPU = Debug|Any CPU
		Release|Any CPU = Release|Any CPU
	EndGlobalSection
	GlobalSection(ProjectConfigurationPlatforms) = postSolution
		{DE4DAB55-4106-4A35-BF3E-71E5F812B72E}.Debug|Any CPU.ActiveCfg = Debug|Any CPU
		{DE4DAB55-4106-4A35-BF3E-71E5F812B72E}.Debug|Any CPU.Build.0 = Debug|Any CPU
		{DE4DAB55-4106-4A35-BF3E-71E5F812B72E}.Release|Any CPU.ActiveCfg = Release|Any CPU
		{DE4DAB55-4106-4A35-BF3E-71E5F812B72E}.Release|Any CPU.Build.0 = Release|Any CPU
	EndGlobalSection
	GlobalSection(SolutionProperties) = preSolution
		HideSolutionNode = FALSE
	EndGlobalSection
	GlobalSection(ExtensibilityGlobals) = postSolution
		SolutionGuid = {3A41730F-8272-4D58-86D8-18B12F1DF147}
	EndGlobalSection
EndGlobal
